
Microsoft Visual Studio Solution File, Format Version 12.00
# Visual Studio Version 17
VisualStudioVersion = 17.10.35027.167
MinimumVisualStudioVersion = 10.0.40219.1
Project("{9A19103F-16F7-4668-BE54-9A1E7A4F7556}") = "EFCore8.ConsoleApp", "EFCore8.ConsoleApp\EFCore8.ConsoleApp.csproj", "{28B4706D-71AB-4EC1-B056-F7C1D6BC2E20}"
EndProject
Project("{FAE04EC0-301F-11D3-BF4B-00C04F79EFBC}") = "EFCore8.API", "EFCore8.API\EFCore8.API.csproj", "{29CFC12D-6FD5-4034-B452-B948B5F8A2AB}"
EndProject
Global
	GlobalSection(SolutionConfigurationPlatforms) = preSolution
		Debug|Any CPU = Debug|Any CPU
		Release|Any CPU = Release|Any CPU
	EndGlobalSection
	GlobalSection(ProjectConfigurationPlatforms) = postSolution
		{28B4706D-71AB-4EC1-B056-F7C1D6BC2E20}.Debug|Any CPU.ActiveCfg = Debug|Any CPU
		{28B4706D-71AB-4EC1-B056-F7C1D6BC2E20}.Debug|Any CPU.Build.0 = Debug|Any CPU
		{28B4706D-71AB-4EC1-B056-F7C1D6BC2E20}.Release|Any CPU.ActiveCfg = Release|Any CPU
		{28B4706D-71AB-4EC1-B056-F7C1D6BC2E20}.Release|Any CPU.Build.0 = Release|Any CPU
		{29CFC12D-6FD5-4034-B452-B948B5F8A2AB}.Debug|Any CPU.ActiveCfg = Debug|Any CPU
		{29CFC12D-6FD5-4034-B452-B948B5F8A2AB}.Debug|Any CPU.Build.0 = Debug|Any CPU
		{29CFC12D-6FD5-4034-B452-B948B5F8A2AB}.Release|Any CPU.ActiveCfg = Release|Any CPU
		{29CFC12D-6FD5-4034-B452-B948B5F8A2AB}.Release|Any CPU.Build.0 = Release|Any CPU
	EndGlobalSection
	GlobalSection(SolutionProperties) = preSolution
		HideSolutionNode = FALSE
	EndGlobalSection
	GlobalSection(ExtensibilityGlobals) = postSolution
		SolutionGuid = {5EF0D865-7A13-4A6E-B2E5-2FFE5842A3E8}
	EndGlobalSection
EndGlobal
